<Solution>
  <Folder Name="/Core/">
    <Project Path="LinkDev.Talabat.Application.Abstraction/LinkDev.Talabat.Application.Abstraction.csproj" />
    <Project Path="LinkDev.Talabat.Application/LinkDev.Talabat.Application.csproj" />
    <Project Path="LinkDev.Talabat.Domain/LinkDev.Talabat.Domain.csproj" />
  </Folder>
  <Folder Name="/Infrastructure/">
    <Project Path="LinkDev.Talabat.Infrastructure/LinkDev.Talabat.Infrastructure.csproj" />
    <Project Path="LinkDev.Talabat.Persistence/LinkDev.Talabat.Persistence.csproj" />
  </Folder>
  <Folder Name="/Presentation/">
    <Project Path="Final.TalabatProject.WebApis.Controllers/Final.TalabatProject.WebApis.Controllers.csproj" Id="973cd117-fbf4-4e52-841c-e1995fbdf8f1" />
    <Project Path="FinalTalabatProject/FinalTalabatProjectWebApis.csproj" />
  </Folder>
  <Folder Name="/UI/" />
</Solution>
